
Microsoft Visual Studio Solution File, Format Version 12.00
# Visual Studio Version 17
VisualStudioVersion = 17.7.34031.279
MinimumVisualStudioVersion = 10.0.40219.1
Project("{FAE04EC0-301F-11D3-BF4B-00C04F79EFBC}") = "M03UF5AC2", "M03UF5AC2.csproj", "{7057B0DD-D69F-485C-ABBB-D0542E91A612}"
EndProject
Global
	GlobalSection(SolutionConfigurationPlatforms) = preSolution
		Debug|Any CPU = Debug|Any CPU
		Release|Any CPU = Release|Any CPU
	EndGlobalSection
	GlobalSection(ProjectConfigurationPlatforms) = postSolution
		{7057B0DD-D69F-485C-ABBB-D0542E91A612}.Debug|Any CPU.ActiveCfg = Debug|Any CPU
		{7057B0DD-D69F-485C-ABBB-D0542E91A612}.Debug|Any CPU.Build.0 = Debug|Any CPU
		{7057B0DD-D69F-485C-ABBB-D0542E91A612}.Release|Any CPU.ActiveCfg = Release|Any CPU
		{7057B0DD-D69F-485C-ABBB-D0542E91A612}.Release|Any CPU.Build.0 = Release|Any CPU
	EndGlobalSection
	GlobalSection(SolutionProperties) = preSolution
		HideSolutionNode = FALSE
	EndGlobalSection
	GlobalSection(ExtensibilityGlobals) = postSolution
		SolutionGuid = {7DD9C47C-29B1-439C-93B4-6E812E5AB311}
	EndGlobalSection
EndGlobal
